
Microsoft Visual Studio Solution File, Format Version 12.00
# Visual Studio Version 17
VisualStudioVersion = 17.8.34330.188
MinimumVisualStudioVersion = 10.0.40219.1
Project("{9A19103F-16F7-4668-BE54-9A1E7A4F7556}") = "JeBalance.Domain", "JeBalance.Domain.csproj", "{424CDAD1-78D2-440F-A4CD-86F644250610}"
EndProject
Project("{9A19103F-16F7-4668-BE54-9A1E7A4F7556}") = "JeBalance.API.InspectionFiscale", "..\JeBalance.API\JeBalance.API.InspectionFiscale\JeBalance.API.InspectionFiscale.csproj", "{4AF5FE63-ECDC-4FAB-ADF3-E3117FD95340}"
EndProject
Project("{9A19103F-16F7-4668-BE54-9A1E7A4F7556}") = "JeBalance.API.Admin", "..\JeBalance.API\JeBalance.API.Admin\JeBalance.API.Admin.csproj", "{4517DF81-E960-47CE-B9B3-F75DBE8E4D80}"
EndProject
Project("{9A19103F-16F7-4668-BE54-9A1E7A4F7556}") = "JeBalance.Infrastructure", "..\JeBalance.Infrastructure\JeBalance.Infrastructure.csproj", "{B7DE6889-8E86-41FF-A250-EEBF9F28187C}"
EndProject
Project("{9A19103F-16F7-4668-BE54-9A1E7A4F7556}") = "JeBalance.API.Public", "..\JeBalance.API\JeBalance.API.Public\JeBalance.API.Public.csproj", "{F58FDC9F-75BA-48C6-AF5B-8DCD23DFE225}"
EndProject
Project("{9A19103F-16F7-4668-BE54-9A1E7A4F7556}") = "JeBalance.Presentation", "..\JeBalance.Presentation\JeBalance.Presentation.csproj", "{2AA27D46-390B-4468-B051-A7BC597F17CB}"
EndProject
Project("{FAE04EC0-301F-11D3-BF4B-00C04F79EFBC}") = "JeBalance.Domain.Tests", "..\JeBalance.Domain.Tests\JeBalance.Domain.Tests\JeBalance.Domain.Tests.csproj", "{502FEB6D-7341-441A-B593-FBA7F6A57679}"
EndProject
Global
	GlobalSection(SolutionConfigurationPlatforms) = preSolution
		Debug|Any CPU = Debug|Any CPU
		Release|Any CPU = Release|Any CPU
	EndGlobalSection
	GlobalSection(ProjectConfigurationPlatforms) = postSolution
		{424CDAD1-78D2-440F-A4CD-86F644250610}.Debug|Any CPU.ActiveCfg = Debug|Any CPU
		{424CDAD1-78D2-440F-A4CD-86F644250610}.Debug|Any CPU.Build.0 = Debug|Any CPU
		{424CDAD1-78D2-440F-A4CD-86F644250610}.Release|Any CPU.ActiveCfg = Release|Any CPU
		{424CDAD1-78D2-440F-A4CD-86F644250610}.Release|Any CPU.Build.0 = Release|Any CPU
		{4AF5FE63-ECDC-4FAB-ADF3-E3117FD95340}.Debug|Any CPU.ActiveCfg = Debug|Any CPU
		{4AF5FE63-ECDC-4FAB-ADF3-E3117FD95340}.Debug|Any CPU.Build.0 = Debug|Any CPU
		{4AF5FE63-ECDC-4FAB-ADF3-E3117FD95340}.Release|Any CPU.ActiveCfg = Release|Any CPU
		{4AF5FE63-ECDC-4FAB-ADF3-E3117FD95340}.Release|Any CPU.Build.0 = Release|Any CPU
		{4517DF81-E960-47CE-B9B3-F75DBE8E4D80}.Debug|Any CPU.ActiveCfg = Debug|Any CPU
		{4517DF81-E960-47CE-B9B3-F75DBE8E4D80}.Debug|Any CPU.Build.0 = Debug|Any CPU
		{4517DF81-E960-47CE-B9B3-F75DBE8E4D80}.Release|Any CPU.ActiveCfg = Release|Any CPU
		{4517DF81-E960-47CE-B9B3-F75DBE8E4D80}.Release|Any CPU.Build.0 = Release|Any CPU
		{B7DE6889-8E86-41FF-A250-EEBF9F28187C}.Debug|Any CPU.ActiveCfg = Debug|Any CPU
		{B7DE6889-8E86-41FF-A250-EEBF9F28187C}.Debug|Any CPU.Build.0 = Debug|Any CPU
		{B7DE6889-8E86-41FF-A250-EEBF9F28187C}.Release|Any CPU.ActiveCfg = Release|Any CPU
		{B7DE6889-8E86-41FF-A250-EEBF9F28187C}.Release|Any CPU.Build.0 = Release|Any CPU
		{F58FDC9F-75BA-48C6-AF5B-8DCD23DFE225}.Debug|Any CPU.ActiveCfg = Debug|Any CPU
		{F58FDC9F-75BA-48C6-AF5B-8DCD23DFE225}.Debug|Any CPU.Build.0 = Debug|Any CPU
		{F58FDC9F-75BA-48C6-AF5B-8DCD23DFE225}.Release|Any CPU.ActiveCfg = Release|Any CPU
		{F58FDC9F-75BA-48C6-AF5B-8DCD23DFE225}.Release|Any CPU.Build.0 = Release|Any CPU
		{2AA27D46-390B-4468-B051-A7BC597F17CB}.Debug|Any CPU.ActiveCfg = Debug|Any CPU
		{2AA27D46-390B-4468-B051-A7BC597F17CB}.Debug|Any CPU.Build.0 = Debug|Any CPU
		{2AA27D46-390B-4468-B051-A7BC597F17CB}.Release|Any CPU.ActiveCfg = Release|Any CPU
		{2AA27D46-390B-4468-B051-A7BC597F17CB}.Release|Any CPU.Build.0 = Release|Any CPU
		{502FEB6D-7341-441A-B593-FBA7F6A57679}.Debug|Any CPU.ActiveCfg = Debug|Any CPU
		{502FEB6D-7341-441A-B593-FBA7F6A57679}.Debug|Any CPU.Build.0 = Debug|Any CPU
		{502FEB6D-7341-441A-B593-FBA7F6A57679}.Release|Any CPU.ActiveCfg = Release|Any CPU
		{502FEB6D-7341-441A-B593-FBA7F6A57679}.Release|Any CPU.Build.0 = Release|Any CPU
	EndGlobalSection
	GlobalSection(SolutionProperties) = preSolution
		HideSolutionNode = FALSE
	EndGlobalSection
	GlobalSection(ExtensibilityGlobals) = postSolution
		SolutionGuid = {8102C6A6-5734-419E-AE09-DC334FEC36A8}
	EndGlobalSection
EndGlobal
